
Microsoft Visual Studio Solution File, Format Version 12.00
# Visual Studio 15
VisualStudioVersion = 15.0.28307.1267
MinimumVisualStudioVersion = 10.0.40219.1
Project("{FAE04EC0-301F-11D3-BF4B-00C04F79EFBC}") = "Dungeon", "Dungeon\Dungeon.csproj", "{491B02E6-3F05-42EA-BA78-7D2510BD852B}"
EndProject
Global
	GlobalSection(SolutionConfigurationPlatforms) = preSolution
		Debug|Any CPU = Debug|Any CPU
		Release|Any CPU = Release|Any CPU
	EndGlobalSection
	GlobalSection(ProjectConfigurationPlatforms) = postSolution
		{491B02E6-3F05-42EA-BA78-7D2510BD852B}.Debug|Any CPU.ActiveCfg = Debug|Any CPU
		{491B02E6-3F05-42EA-BA78-7D2510BD852B}.Debug|Any CPU.Build.0 = Debug|Any CPU
		{491B02E6-3F05-42EA-BA78-7D2510BD852B}.Release|Any CPU.ActiveCfg = Release|Any CPU
		{491B02E6-3F05-42EA-BA78-7D2510BD852B}.Release|Any CPU.Build.0 = Release|Any CPU
	EndGlobalSection
	GlobalSection(SolutionProperties) = preSolution
		HideSolutionNode = FALSE
	EndGlobalSection
	GlobalSection(ExtensibilityGlobals) = postSolution
		SolutionGuid = {696B7AB5-0F85-4114-94D5-34F5F0B5C0D5}
	EndGlobalSection
EndGlobal
